
Microsoft Visual Studio Solution File, Format Version 12.00
# Visual Studio Version 17
VisualStudioVersion = 17.9.34607.119
MinimumVisualStudioVersion = 10.0.40219.1
Project("{888888A0-9F3D-457C-B088-3A5042F75D52}") = "Leadz", "Leadz\Leadz.pyproj", "{4F9B9BF9-7DE0-45DC-B64A-FB9234909C41}"
EndProject
Global
	GlobalSection(SolutionConfigurationPlatforms) = preSolution
		Debug|Any CPU = Debug|Any CPU
		Release|Any CPU = Release|Any CPU
	EndGlobalSection
	GlobalSection(ProjectConfigurationPlatforms) = postSolution
		{4F9B9BF9-7DE0-45DC-B64A-FB9234909C41}.Debug|Any CPU.ActiveCfg = Debug|Any CPU
		{4F9B9BF9-7DE0-45DC-B64A-FB9234909C41}.Release|Any CPU.ActiveCfg = Release|Any CPU
	EndGlobalSection
	GlobalSection(SolutionProperties) = preSolution
		HideSolutionNode = FALSE
	EndGlobalSection
	GlobalSection(ExtensibilityGlobals) = postSolution
		SolutionGuid = {C419C94E-AD1F-4CD8-8E54-F88A7EA65C20}
	EndGlobalSection
EndGlobal
